
Microsoft Visual Studio Solution File, Format Version 12.00
# Visual Studio Version 17
VisualStudioVersion = 17.5.33414.496
MinimumVisualStudioVersion = 10.0.40219.1
Project("{2150E333-8FDC-42A3-9474-1A3956D46DE8}") = "Services", "Services", "{92074414-CF60-4E6B-8827-FEB0964A134B}"
EndProject
Project("{2150E333-8FDC-42A3-9474-1A3956D46DE8}") = "Catalog", "Catalog", "{FD5CE715-7B14-4011-828F-FE47A8642730}"
EndProject
Project("{9A19103F-16F7-4668-BE54-9A1E7A4F7556}") = "Catalog.API", "Services\Catalog\Catalog.API\Catalog.API.csproj", "{77206BB8-CC58-4CC7-B3AA-B6011D8912B5}"
EndProject
Project("{E53339B2-1760-4266-BCC7-CA923CBCF16C}") = "docker-compose", "docker-compose.dcproj", "{83A58F3F-6411-4CD7-B289-5C1F26AC053F}"
EndProject
Project("{2150E333-8FDC-42A3-9474-1A3956D46DE8}") = "Basket", "Basket", "{2EF43A72-C5C3-4D5A-B272-362112A3E8C3}"
EndProject
Project("{FAE04EC0-301F-11D3-BF4B-00C04F79EFBC}") = "Basket.API", "..\Basket.API\Basket.API.csproj", "{36C310F6-5E27-47A0-AA6A-9DBE4989B8CB}"
EndProject
Global
	GlobalSection(SolutionConfigurationPlatforms) = preSolution
		Debug|Any CPU = Debug|Any CPU
		Release|Any CPU = Release|Any CPU
	EndGlobalSection
	GlobalSection(ProjectConfigurationPlatforms) = postSolution
		{77206BB8-CC58-4CC7-B3AA-B6011D8912B5}.Debug|Any CPU.ActiveCfg = Debug|Any CPU
		{77206BB8-CC58-4CC7-B3AA-B6011D8912B5}.Debug|Any CPU.Build.0 = Debug|Any CPU
		{77206BB8-CC58-4CC7-B3AA-B6011D8912B5}.Release|Any CPU.ActiveCfg = Release|Any CPU
		{77206BB8-CC58-4CC7-B3AA-B6011D8912B5}.Release|Any CPU.Build.0 = Release|Any CPU
		{83A58F3F-6411-4CD7-B289-5C1F26AC053F}.Debug|Any CPU.ActiveCfg = Debug|Any CPU
		{83A58F3F-6411-4CD7-B289-5C1F26AC053F}.Debug|Any CPU.Build.0 = Debug|Any CPU
		{83A58F3F-6411-4CD7-B289-5C1F26AC053F}.Release|Any CPU.ActiveCfg = Release|Any CPU
		{83A58F3F-6411-4CD7-B289-5C1F26AC053F}.Release|Any CPU.Build.0 = Release|Any CPU
		{36C310F6-5E27-47A0-AA6A-9DBE4989B8CB}.Debug|Any CPU.ActiveCfg = Debug|Any CPU
		{36C310F6-5E27-47A0-AA6A-9DBE4989B8CB}.Debug|Any CPU.Build.0 = Debug|Any CPU
		{36C310F6-5E27-47A0-AA6A-9DBE4989B8CB}.Release|Any CPU.ActiveCfg = Release|Any CPU
		{36C310F6-5E27-47A0-AA6A-9DBE4989B8CB}.Release|Any CPU.Build.0 = Release|Any CPU
	EndGlobalSection
	GlobalSection(SolutionProperties) = preSolution
		HideSolutionNode = FALSE
	EndGlobalSection
	GlobalSection(NestedProjects) = preSolution
		{FD5CE715-7B14-4011-828F-FE47A8642730} = {92074414-CF60-4E6B-8827-FEB0964A134B}
		{77206BB8-CC58-4CC7-B3AA-B6011D8912B5} = {FD5CE715-7B14-4011-828F-FE47A8642730}
		{2EF43A72-C5C3-4D5A-B272-362112A3E8C3} = {92074414-CF60-4E6B-8827-FEB0964A134B}
		{36C310F6-5E27-47A0-AA6A-9DBE4989B8CB} = {2EF43A72-C5C3-4D5A-B272-362112A3E8C3}
	EndGlobalSection
	GlobalSection(ExtensibilityGlobals) = postSolution
		SolutionGuid = {7D0B022D-280B-4658-8BD5-DBB91218B490}
	EndGlobalSection
EndGlobal
